
Microsoft Visual Studio Solution File, Format Version 12.00
# Visual Studio Version 16
VisualStudioVersion = 16.0.29215.179
MinimumVisualStudioVersion = 10.0.40219.1
Project("{FAE04EC0-301F-11D3-BF4B-00C04F79EFBC}") = "ConsoleGitTest", "ConsoleGitTest\ConsoleGitTest.csproj", "{31269187-AFBD-4216-8E47-5A29D3FF3D39}"
EndProject
Global
	GlobalSection(SolutionConfigurationPlatforms) = preSolution
		Debug|Any CPU = Debug|Any CPU
		Release|Any CPU = Release|Any CPU
	EndGlobalSection
	GlobalSection(ProjectConfigurationPlatforms) = postSolution
		{31269187-AFBD-4216-8E47-5A29D3FF3D39}.Debug|Any CPU.ActiveCfg = Debug|Any CPU
		{31269187-AFBD-4216-8E47-5A29D3FF3D39}.Debug|Any CPU.Build.0 = Debug|Any CPU
		{31269187-AFBD-4216-8E47-5A29D3FF3D39}.Release|Any CPU.ActiveCfg = Release|Any CPU
		{31269187-AFBD-4216-8E47-5A29D3FF3D39}.Release|Any CPU.Build.0 = Release|Any CPU
	EndGlobalSection
	GlobalSection(SolutionProperties) = preSolution
		HideSolutionNode = FALSE
	EndGlobalSection
	GlobalSection(ExtensibilityGlobals) = postSolution
		SolutionGuid = {955C505D-8C7B-4B45-A0FC-14DD742E46B1}
	EndGlobalSection
EndGlobal
